
Microsoft Visual Studio Solution File, Format Version 12.00
# Visual Studio Version 16
VisualStudioVersion = 16.0.30907.101
MinimumVisualStudioVersion = 10.0.40219.1
Project("{FAE04EC0-301F-11D3-BF4B-00C04F79EFBC}") = "Laboratorio4", "Laboratorio2\Laboratorio4.csproj", "{8474CFC6-3FAF-4099-9C56-A790B34A5BB3}"
EndProject
Project("{FAE04EC0-301F-11D3-BF4B-00C04F79EFBC}") = "AccesoADatos", "AccesoADatos\AccesoADatos.csproj", "{8DBE0F6D-1BC2-4D58-844C-7293CF09A12C}"
EndProject
Project("{9A19103F-16F7-4668-BE54-9A1E7A4F7556}") = "EnvioCorreo", "EnvioCorreo\EnvioCorreo.csproj", "{242E9E76-BBD2-472B-B88F-D40F383F93C4}"
EndProject
Project("{2150E333-8FDC-42A3-9474-1A3956D46DE8}") = "App_Data", "App_Data", "{0CB0E23D-7BF5-4036-8E81-7CE14FF1A1FA}"
	ProjectSection(SolutionItems) = preProject
		..\..\..\Universidad\HAS.xml = ..\..\..\Universidad\HAS.xml
		..\..\..\Universidad\SEG.xml = ..\..\..\Universidad\SEG.xml
		..\..\..\Universidad\tareas.xsd = ..\..\..\Universidad\tareas.xsd
		..\..\..\Universidad\VerTablaTareas.xsl = ..\..\..\Universidad\VerTablaTareas.xsl
	EndProjectSection
EndProject
Global
	GlobalSection(SolutionConfigurationPlatforms) = preSolution
		Debug|Any CPU = Debug|Any CPU
		Release|Any CPU = Release|Any CPU
	EndGlobalSection
	GlobalSection(ProjectConfigurationPlatforms) = postSolution
		{8474CFC6-3FAF-4099-9C56-A790B34A5BB3}.Debug|Any CPU.ActiveCfg = Debug|Any CPU
		{8474CFC6-3FAF-4099-9C56-A790B34A5BB3}.Debug|Any CPU.Build.0 = Debug|Any CPU
		{8474CFC6-3FAF-4099-9C56-A790B34A5BB3}.Release|Any CPU.ActiveCfg = Release|Any CPU
		{8474CFC6-3FAF-4099-9C56-A790B34A5BB3}.Release|Any CPU.Build.0 = Release|Any CPU
		{8DBE0F6D-1BC2-4D58-844C-7293CF09A12C}.Debug|Any CPU.ActiveCfg = Debug|Any CPU
		{8DBE0F6D-1BC2-4D58-844C-7293CF09A12C}.Debug|Any CPU.Build.0 = Debug|Any CPU
		{8DBE0F6D-1BC2-4D58-844C-7293CF09A12C}.Release|Any CPU.ActiveCfg = Release|Any CPU
		{8DBE0F6D-1BC2-4D58-844C-7293CF09A12C}.Release|Any CPU.Build.0 = Release|Any CPU
		{242E9E76-BBD2-472B-B88F-D40F383F93C4}.Debug|Any CPU.ActiveCfg = Debug|Any CPU
		{242E9E76-BBD2-472B-B88F-D40F383F93C4}.Debug|Any CPU.Build.0 = Debug|Any CPU
		{242E9E76-BBD2-472B-B88F-D40F383F93C4}.Release|Any CPU.ActiveCfg = Release|Any CPU
		{242E9E76-BBD2-472B-B88F-D40F383F93C4}.Release|Any CPU.Build.0 = Release|Any CPU
	EndGlobalSection
	GlobalSection(SolutionProperties) = preSolution
		HideSolutionNode = FALSE
	EndGlobalSection
	GlobalSection(ExtensibilityGlobals) = postSolution
		SolutionGuid = {D3B9A4F2-7E69-4AEB-B9F0-2D04F0653CB3}
	EndGlobalSection
EndGlobal
