
Microsoft Visual Studio Solution File, Format Version 12.00
# Visual Studio Version 16
VisualStudioVersion = 16.0.30907.101
MinimumVisualStudioVersion = 10.0.40219.1
Project("{FAE04EC0-301F-11D3-BF4B-00C04F79EFBC}") = "Laboratorio2", "Laboratorio2\Laboratorio2.csproj", "{8474CFC6-3FAF-4099-9C56-A790B34A5BB3}"
EndProject
Global
	GlobalSection(SolutionConfigurationPlatforms) = preSolution
		Debug|Any CPU = Debug|Any CPU
		Release|Any CPU = Release|Any CPU
	EndGlobalSection
	GlobalSection(ProjectConfigurationPlatforms) = postSolution
		{8474CFC6-3FAF-4099-9C56-A790B34A5BB3}.Debug|Any CPU.ActiveCfg = Debug|Any CPU
		{8474CFC6-3FAF-4099-9C56-A790B34A5BB3}.Debug|Any CPU.Build.0 = Debug|Any CPU
		{8474CFC6-3FAF-4099-9C56-A790B34A5BB3}.Release|Any CPU.ActiveCfg = Release|Any CPU
		{8474CFC6-3FAF-4099-9C56-A790B34A5BB3}.Release|Any CPU.Build.0 = Release|Any CPU
	EndGlobalSection
	GlobalSection(SolutionProperties) = preSolution
		HideSolutionNode = FALSE
	EndGlobalSection
	GlobalSection(ExtensibilityGlobals) = postSolution
		SolutionGuid = {D3B9A4F2-7E69-4AEB-B9F0-2D04F0653CB3}
	EndGlobalSection
EndGlobal
